
Microsoft Visual Studio Solution File, Format Version 12.00
# Visual Studio Version 17
VisualStudioVersion = 17.12.35527.113 d17.12
MinimumVisualStudioVersion = 10.0.40219.1
Project("{FAE04EC0-301F-11D3-BF4B-00C04F79EFBC}") = "ICSharpCode.TextEditorEx", "TextEditor\ICSharpCode.TextEditorEx.csproj", "{6123A234-9A2E-4C9F-A22E-F58BA6ECD647}"
EndProject
Project("{FAE04EC0-301F-11D3-BF4B-00C04F79EFBC}") = "x07studio", "x07studio\x07studio.csproj", "{F60C9340-2A72-42D2-BB69-AA14D19114DE}"
EndProject
Global
	GlobalSection(SolutionConfigurationPlatforms) = preSolution
		Debug|Any CPU = Debug|Any CPU
		Release|Any CPU = Release|Any CPU
	EndGlobalSection
	GlobalSection(ProjectConfigurationPlatforms) = postSolution
		{6123A234-9A2E-4C9F-A22E-F58BA6ECD647}.Debug|Any CPU.ActiveCfg = Debug|Any CPU
		{6123A234-9A2E-4C9F-A22E-F58BA6ECD647}.Debug|Any CPU.Build.0 = Debug|Any CPU
		{6123A234-9A2E-4C9F-A22E-F58BA6ECD647}.Release|Any CPU.ActiveCfg = Release|Any CPU
		{6123A234-9A2E-4C9F-A22E-F58BA6ECD647}.Release|Any CPU.Build.0 = Release|Any CPU
		{F60C9340-2A72-42D2-BB69-AA14D19114DE}.Debug|Any CPU.ActiveCfg = Debug|Any CPU
		{F60C9340-2A72-42D2-BB69-AA14D19114DE}.Debug|Any CPU.Build.0 = Debug|Any CPU
		{F60C9340-2A72-42D2-BB69-AA14D19114DE}.Release|Any CPU.ActiveCfg = Release|Any CPU
		{F60C9340-2A72-42D2-BB69-AA14D19114DE}.Release|Any CPU.Build.0 = Release|Any CPU
	EndGlobalSection
	GlobalSection(SolutionProperties) = preSolution
		HideSolutionNode = FALSE
	EndGlobalSection
EndGlobal
